
Microsoft Visual Studio Solution File, Format Version 12.00
# Visual Studio Version 17
VisualStudioVersion = 17.0.31521.260
MinimumVisualStudioVersion = 10.0.40219.1
Project("{9A19103F-16F7-4668-BE54-9A1E7A4F7556}") = "KristofferStrube.Blazor.Popper", "src\KristofferStrube.Blazor.Popper\KristofferStrube.Blazor.Popper.csproj", "{43358CE1-92A2-4402-9F8C-E5D270B63EEE}"
EndProject
Project("{9A19103F-16F7-4668-BE54-9A1E7A4F7556}") = "KristofferStrube.Blazor.Popper.Samples", "samples\KristofferStrube.Blazor.Popper.Samples\KristofferStrube.Blazor.Popper.Samples.csproj", "{C5D14C58-74C3-41DE-9DE3-247AB4469809}"
EndProject
Project("{9A19103F-16F7-4668-BE54-9A1E7A4F7556}") = "KristofferStrube.Blazor.Popper.ServerSample", "samples\KristofferStrube.Blazor.Popper.ServerSample\KristofferStrube.Blazor.Popper.ServerSample.csproj", "{BB03D5EE-4120-4151-AC8A-9E4B938FD7A9}"
EndProject
Global
	GlobalSection(SolutionConfigurationPlatforms) = preSolution
		Debug|Any CPU = Debug|Any CPU
		Release|Any CPU = Release|Any CPU
	EndGlobalSection
	GlobalSection(ProjectConfigurationPlatforms) = postSolution
		{43358CE1-92A2-4402-9F8C-E5D270B63EEE}.Debug|Any CPU.ActiveCfg = Debug|Any CPU
		{43358CE1-92A2-4402-9F8C-E5D270B63EEE}.Debug|Any CPU.Build.0 = Debug|Any CPU
		{43358CE1-92A2-4402-9F8C-E5D270B63EEE}.Release|Any CPU.ActiveCfg = Release|Any CPU
		{43358CE1-92A2-4402-9F8C-E5D270B63EEE}.Release|Any CPU.Build.0 = Release|Any CPU
		{C5D14C58-74C3-41DE-9DE3-247AB4469809}.Debug|Any CPU.ActiveCfg = Debug|Any CPU
		{C5D14C58-74C3-41DE-9DE3-247AB4469809}.Debug|Any CPU.Build.0 = Debug|Any CPU
		{C5D14C58-74C3-41DE-9DE3-247AB4469809}.Release|Any CPU.ActiveCfg = Release|Any CPU
		{C5D14C58-74C3-41DE-9DE3-247AB4469809}.Release|Any CPU.Build.0 = Release|Any CPU
		{BB03D5EE-4120-4151-AC8A-9E4B938FD7A9}.Debug|Any CPU.ActiveCfg = Debug|Any CPU
		{BB03D5EE-4120-4151-AC8A-9E4B938FD7A9}.Debug|Any CPU.Build.0 = Debug|Any CPU
		{BB03D5EE-4120-4151-AC8A-9E4B938FD7A9}.Release|Any CPU.ActiveCfg = Release|Any CPU
		{BB03D5EE-4120-4151-AC8A-9E4B938FD7A9}.Release|Any CPU.Build.0 = Release|Any CPU
	EndGlobalSection
	GlobalSection(SolutionProperties) = preSolution
		HideSolutionNode = FALSE
	EndGlobalSection
	GlobalSection(ExtensibilityGlobals) = postSolution
		SolutionGuid = {EC81F94E-EB2C-40CB-90ED-153621A2A97D}
	EndGlobalSection
EndGlobal
